
Microsoft Visual Studio Solution File, Format Version 12.00
# Visual Studio Version 16
VisualStudioVersion = 16.0.31702.278
MinimumVisualStudioVersion = 10.0.40219.1
Project("{FAE04EC0-301F-11D3-BF4B-00C04F79EFBC}") = "Loh Yuen Wei_TP063508_FYP_P2P Lending Platform", "Loh Yuen Wei_TP063508_FYP_P2P Lending Platform.csproj", "{4685F226-38B2-4490-A95D-5A345A300FCD}"
EndProject
Global
	GlobalSection(SolutionConfigurationPlatforms) = preSolution
		Debug|Any CPU = Debug|Any CPU
		Release|Any CPU = Release|Any CPU
	EndGlobalSection
	GlobalSection(ProjectConfigurationPlatforms) = postSolution
		{4685F226-38B2-4490-A95D-5A345A300FCD}.Debug|Any CPU.ActiveCfg = Debug|Any CPU
		{4685F226-38B2-4490-A95D-5A345A300FCD}.Debug|Any CPU.Build.0 = Debug|Any CPU
		{4685F226-38B2-4490-A95D-5A345A300FCD}.Release|Any CPU.ActiveCfg = Release|Any CPU
		{4685F226-38B2-4490-A95D-5A345A300FCD}.Release|Any CPU.Build.0 = Release|Any CPU
	EndGlobalSection
	GlobalSection(SolutionProperties) = preSolution
		HideSolutionNode = FALSE
	EndGlobalSection
	GlobalSection(ExtensibilityGlobals) = postSolution
		SolutionGuid = {D93385EB-E973-476C-A594-430BF3DA1321}
	EndGlobalSection
EndGlobal
